// !$*UTF8*$!
{
	archiveVersion = 1;
	classes = {
	};
	objectVersion = 77;
	objects = {

/* Begin PBXBuildFile section */
		4EC500F730754CF6005717FC /* GetRoster.py in Resources */ = {isa = PBXBuildFile; fileRef = 4EC500F530754CF6005717FC /* GetRoster.py */; };
		4EC500F930756058005717FC /* DownloadHeadshots.py in Resources */ = {isa = PBXBuildFile; fileRef = 4EC500F83075603C005717FC /* DownloadHeadshots.py */; };
/* End PBXBuildFile section */

/* Begin PBXContainerItemProxy section */
		4E41CA2A303C78A50006E58C /* PBXContainerItemProxy */ = {
			isa = PBXContainerItemProxy;
			containerPortal = 4E41CA14303C78A40006E58C /* Project object */;
			proxyType = 1;
			remoteGlobalIDString = 4E41CA1B303C78A40006E58C;
			remoteInfo = BrownsRoster1;
		};
		4E41CA34303C78A50006E58C /* PBXContainerItemProxy */ = {
			isa = PBXContainerItemProxy;
			containerPortal = 4E41CA14303C78A40006E58C /* Project object */;
			proxyType = 1;
			remoteGlobalIDString = 4E41CA1B303C78A40006E58C;
			remoteInfo = BrownsRoster1;
		};
/* End PBXContainerItemProxy section */

/* Begin PBXFileReference section */
		4E41CA1C303C78A40006E58C /* BrownsRoster1.app */ = {isa = PBXFileReference; explicitFileType = wrapper.application; includeInIndex = 0; path = BrownsRoster1.app; sourceTree = BUILT_PRODUCTS_DIR; };
		4E41CA29303C78A50006E58C /* BrownsRoster1Tests.xctest */ = {isa = PBXFileReference; explicitFileType = wrapper.cfbundle; includeInIndex = 0; path = BrownsRoster1Tests.xctest; sourceTree = BUILT_PRODUCTS_DIR; };
		4E41CA33303C78A50006E58C /* BrownsRoster1UITests.xctest */ = {isa = PBXFileReference; explicitFileType = wrapper.cfbundle; includeInIndex = 0; path = BrownsRoster1UITests.xctest; sourceTree = BUILT_PRODUCTS_DIR; };
		4EC500F530754CF6005717FC /* GetRoster.py */ = {isa = PBXFileReference; lastKnownFileType = text.script.python; path = GetRoster.py; sourceTree = "<group>"; };
		4EC500F83075603C005717FC /* DownloadHeadshots.py */ = {isa = PBXFileReference; lastKnownFileType = text.script.python; path = DownloadHeadshots.py; sourceTree = "<group>"; };
/* End PBXFileReference section */

/* Begin PBXFileSystemSynchronizedRootGroup section */
		4E41CA1E303C78A40006E58C /* BrownsRoster1 */ = {
			isa = PBXFileSystemSynchronizedRootGroup;
			path = BrownsRoster1;
			sourceTree = "<group>";
		};
		4E41CA2C303C78A50006E58C /* BrownsRoster1Tests */ = {
			isa = PBXFileSystemSynchronizedRootGroup;
			path = BrownsRoster1Tests;
			sourceTree = "<group>";
		};
		4E41CA36303C78A50006E58C /* BrownsRoster1UITests */ = {
			isa = PBXFileSystemSynchronizedRootGroup;
			path = BrownsRoster1UITests;
			sourceTree = "<group>";
		};
/* End PBXFileSystemSynchronizedRootGroup section */

/* Begin PBXFrameworksBuildPhase section */
		4E41CA19303C78A40006E58C /* Frameworks */ = {
			isa = PBXFrameworksBuildPhase;
			buildActionMask = 2147483647;
			files = (
			);
			runOnlyForDeploymentPostprocessing = 0;
		};
		4E41CA26303C78A50006E58C /* Frameworks */ = {
			isa = PBXFrameworksBuildPhase;
			buildActionMask = 2147483647;
			files = (
			);
			runOnlyForDeploymentPostprocessing = 0;
		};
		4E41CA30303C78A50006E58C /* Frameworks */ = {
			isa = PBXFrameworksBuildPhase;
			buildActionMask = 2147483647;
			files = (
			);
			runOnlyForDeploymentPostprocessing = 0;
		};
/* End PBXFrameworksBuildPhase section */

/* Begin PBXGroup section */
		4E41CA13303C78A40006E58C = {
			isa = PBXGroup;
			children = (
				4EC500F630754CF6005717FC /* Scripts */,
				4E41CA1E303C78A40006E58C /* BrownsRoster1 */,
				4E41CA2C303C78A50006E58C /* BrownsRoster1Tests */,
				4E41CA36303C78A50006E58C /* BrownsRoster1UITests */,
				4E41CA1D303C78A40006E58C /* Products */,
			);
			sourceTree = "<group>";
		};
		4E41CA1D303C78A40006E58C /* Products */ = {
			isa = PBXGroup;
			children = (
				4E41CA1C303C78A40006E58C /* BrownsRoster1.app */,
				4E41CA29303C78A50006E58C /* BrownsRoster1Tests.xctest */,
				4E41CA33303C78A50006E58C /* BrownsRoster1UITests.xctest */,
			);
			name = Products;
			sourceTree = "<group>";
		};
		4EC500F630754CF6005717FC /* Scripts */ = {
			isa = PBXGroup;
			children = (
				4EC500F83075603C005717FC /* DownloadHeadshots.py */,
				4EC500F530754CF6005717FC /* GetRoster.py */,
			);
			path = Scripts;
			sourceTree = "<group>";
		};
/* End PBXGroup section */

/* Begin PBXNativeTarget section */
		4E41CA1B303C78A40006E58C /* BrownsRoster1 */ = {
			isa = PBXNativeTarget;
			buildConfigurationList = 4E41CA3D303C78A50006E58C /* Build configuration list for PBXNativeTarget "BrownsRoster1" */;
			buildPhases = (
				4E41CA18303C78A40006E58C /* Sources */,
				4E41CA19303C78A40006E58C /* Frameworks */,
				4E41CA1A303C78A40006E58C /* Resources */,
			);
			buildRules = (
			);
			dependencies = (
			);
			fileSystemSynchronizedGroups = (
				4E41CA1E303C78A40006E58C /* BrownsRoster1 */,
			);
			name = BrownsRoster1;
			packageProductDependencies = (
			);
			productName = BrownsRoster1;
			productReference = 4E41CA1C303C78A40006E58C /* BrownsRoster1.app */;
			productType = "com.apple.product-type.application";
		};
		4E41CA28303C78A50006E58C /* BrownsRoster1Tests */ = {
			isa = PBXNativeTarget;
			buildConfigurationList = 4E41CA40303C78A50006E58C /* Build configuration list for PBXNativeTarget "BrownsRoster1Tests" */;
			buildPhases = (
				4E41CA25303C78A50006E58C /* Sources */,
				4E41CA26303C78A50006E58C /* Frameworks */,
				4E41CA27303C78A50006E58C /* Resources */,
			);
			buildRules = (
			);
			dependencies = (
				4E41CA2B303C78A50006E58C /* PBXTargetDependency */,
			);
			fileSystemSynchronizedGroups = (
				4E41CA2C303C78A50006E58C /* BrownsRoster1Tests */,
			);
			name = BrownsRoster1Tests;
			packageProductDependencies = (
			);
			productName = BrownsRoster1Tests;
			productReference = 4E41CA29303C78A50006E58C /* BrownsRoster1Tests.xctest */;
			productType = "com.apple.product-type.bundle.unit-test";
		};
		4E41CA32303C78A50006E58C /* BrownsRoster1UITests */ = {
			isa = PBXNativeTarget;
			buildConfigurationList = 4E41CA43303C78A50006E58C /* Build configuration list for PBXNativeTarget "BrownsRoster1UITests" */;
			buildPhases = (
				4E41CA2F303C78A50006E58C /* Sources */,
				4E41CA30303C78A50006E58C /* Frameworks */,
				4E41CA31303C78A50006E58C /* Resources */,
			);
			buildRules = (
			);
			dependencies = (
				4E41CA35303C78A50006E58C /* PBXTargetDependency */,
			);
			fileSystemSynchronizedGroups = (
				4E41CA36303C78A50006E58C /* BrownsRoster1UITests */,
			);
			name = BrownsRoster1UITests;
			packageProductDependencies = (
			);
			productName = BrownsRoster1UITests;
			productReference = 4E41CA33303C78A50006E58C /* BrownsRoster1UITests.xctest */;
			productType = "com.apple.product-type.bundle.ui-testing";
		};
/* End PBXNativeTarget section */

/* Begin PBXProject section */
		4E41CA14303C78A40006E58C /* Project object */ = {
			isa = PBXProject;
			attributes = {
				BuildIndependentTargetsInParallel = 1;
				LastSwiftUpdateCheck = 2660;
				LastUpgradeCheck = 2660;
				TargetAttributes = {
					4E41CA1B303C78A40006E58C = {
						CreatedOnToolsVersion = 26.6;
					};
					4E41CA28303C78A50006E58C = {
						CreatedOnToolsVersion = 26.6;
						TestTargetID = 4E41CA1B303C78A40006E58C;
					};
					4E41CA32303C78A50006E58C = {
						CreatedOnToolsVersion = 26.6;
						TestTargetID = 4E41CA1B303C78A40006E58C;
					};
				};
			};
			buildConfigurationList = 4E41CA17303C78A40006E58C /* Build configuration list for PBXProject "BrownsRoster1" */;
			developmentRegion = en;
			hasScannedForEncodings = 0;
			knownRegions = (
				en,
				Base,
			);
			mainGroup = 4E41CA13303C78A40006E58C;
			minimizedProjectReferenceProxies = 1;
			preferredProjectObjectVersion = 77;
			productRefGroup = 4E41CA1D303C78A40006E58C /* Products */;
			projectDirPath = "";
			projectRoot = "";
			targets = (
				4E41CA1B303C78A40006E58C /* BrownsRoster1 */,
				4E41CA28303C78A50006E58C /* BrownsRoster1Tests */,
				4E41CA32303C78A50006E58C /* BrownsRoster1UITests */,
			);
		};
/* End PBXProject section */

/* Begin PBXResourcesBuildPhase section */
		4E41CA1A303C78A40006E58C /* Resources */ = {
			isa = PBXResourcesBuildPhase;
			buildActionMask = 2147483647;
			files = (
				4EC500F730754CF6005717FC /* GetRoster.py in Resources */,
				4EC500F930756058005717FC /* DownloadHeadshots.py in Resources */,
			);
			runOnlyForDeploymentPostprocessing = 0;
		};
		4E41CA27303C78A50006E58C /* Resources */ = {
			isa = PBXResourcesBuildPhase;
			buildActionMask = 2147483647;
			files = (
			);
			runOnlyForDeploymentPostprocessing = 0;
		};
		4E41CA31303C78A50006E58C /* Resources */ = {
			isa = PBXResourcesBuildPhase;
			buildActionMask = 2147483647;
			files = (
			);
			runOnlyForDeploymentPostprocessing = 0;
		};
/* End PBXResourcesBuildPhase section */

/* Begin PBXSourcesBuildPhase section */
		4E41CA18303C78A40006E58C /* Sources */ = {
			isa = PBXSourcesBuildPhase;
			buildActionMask = 2147483647;
			files = (
			);
			runOnlyForDeploymentPostprocessing = 0;
		};
		4E41CA25303C78A50006E58C /* Sources */ = {
			isa = PBXSourcesBuildPhase;
			buildActionMask = 2147483647;
			files = (
			);
			runOnlyForDeploymentPostprocessing = 0;
		};
		4E41CA2F303C78A50006E58C /* Sources */ = {
			isa = PBXSourcesBuildPhase;
			buildActionMask = 2147483647;
			files = (
			);
			runOnlyForDeploymentPostprocessing = 0;
		};
/* End PBXSourcesBuildPhase section */

/* Begin PBXTargetDependency section */
		4E41CA2B303C78A50006E58C /* PBXTargetDependency */ = {
			isa = PBXTargetDependency;
			target = 4E41CA1B303C78A40006E58C /* BrownsRoster1 */;
			targetProxy = 4E41CA2A303C78A50006E58C /* PBXContainerItemProxy */;
		};
		4E41CA35303C78A50006E58C /* PBXTargetDependency */ = {
			isa = PBXTargetDependency;
			target = 4E41CA1B303C78A40006E58C /* BrownsRoster1 */;
			targetProxy = 4E41CA34303C78A50006E58C /* PBXContainerItemProxy */;
		};
/* End PBXTargetDependency section */

/* Begin XCBuildConfiguration section */
		4E41CA3B303C78A50006E58C /* Debug */ = {
			isa = XCBuildConfiguration;
			buildSettings = {
				ALWAYS_SEARCH_USER_PATHS = NO;
				ASSETCATALOG_COMPILER_GENERATE_SWIFT_ASSET_SYMBOL_EXTENSIONS = YES;
				CLANG_ANALYZER_NONNULL = YES;
				CLANG_ANALYZER_NUMBER_OBJECT_CONVERSION = YES_AGGRESSIVE;
				CLANG_CXX_LANGUAGE_STANDARD = "gnu++20";
				CLANG_ENABLE_MODULES = YES;
				CLANG_ENABLE_OBJC_ARC = YES;
				CLANG_ENABLE_OBJC_WEAK = YES;
				CLANG_WARN_BLOCK_CAPTURE_AUTORELEASING = YES;
				CLANG_WARN_BOOL_CONVERSION = YES;
				CLANG_WARN_COMMA = YES;
				CLANG_WARN_CONSTANT_CONVERSION = YES;
				CLANG_WARN_DEPRECATED_OBJC_IMPLEMENTATIONS = YES;
				CLANG_WARN_DIRECT_OBJC_ISA_USAGE = YES_ERROR;
				CLANG_WARN_DOCUMENTATION_COMMENTS = YES;
				CLANG_WARN_EMPTY_BODY = YES;
				CLANG_WARN_ENUM_CONVERSION = YES;
				CLANG_WARN_INFINITE_RECURSION = YES;
				CLANG_WARN_INT_CONVERSION = YES;
				CLANG_WARN_NON_LITERAL_NULL_CONVERSION = YES;
				CLANG_WARN_OBJC_IMPLICIT_RETAIN_SELF = YES;
				CLANG_WARN_OBJC_LITERAL_CONVERSION = YES;
				CLANG_WARN_OBJC_ROOT_CLASS = YES_ERROR;
				CLANG_WARN_QUOTED_INCLUDE_IN_FRAMEWORK_HEADER = YES;
				CLANG_WARN_RANGE_LOOP_ANALYSIS = YES;
				CLANG_WARN_STRICT_PROTOTYPES = YES;
				CLANG_WARN_SUSPICIOUS_MOVE = YES;
				CLANG_WARN_UNGUARDED_AVAILABILITY = YES_AGGRESSIVE;
				CLANG_WARN_UNREACHABLE_CODE = YES;
				CLANG_WARN__DUPLICATE_METHOD_MATCH = YES;
				COPY_PHASE_STRIP = NO;
				DEBUG_INFORMATION_FORMAT = dwarf;
				DEVELOPMENT_TEAM = 8864ZNUYTR;
				ENABLE_STRICT_OBJC_MSGSEND = YES;
				ENABLE_TESTABILITY = YES;
				ENABLE_USER_SCRIPT_SANDBOXING = YES;
				GCC_C_LANGUAGE_STANDARD = gnu17;
				GCC_DYNAMIC_NO_PIC = NO;
				GCC_NO_COMMON_BLOCKS = YES;
				GCC_OPTIMIZATION_LEVEL = 0;
				GCC_PREPROCESSOR_DEFINITIONS = (
					"DEBUG=1",
					"$(inherited)",
				);
				GCC_WARN_64_TO_32_BIT_CONVERSION = YES;
				GCC_WARN_ABOUT_RETURN_TYPE = YES_ERROR;
				GCC_WARN_UNDECLARED_SELECTOR = YES;
				GCC_WARN_UNINITIALIZED_AUTOS = YES_AGGRESSIVE;
				GCC_WARN_UNUSED_FUNCTION = YES;
				GCC_WARN_UNUSED_VARIABLE = YES;
				IPHONEOS_DEPLOYMENT_TARGET = 26.5;
				LOCALIZATION_PREFERS_STRING_CATALOGS = YES;
				MTL_ENABLE_DEBUG_INFO = INCLUDE_SOURCE;
				MTL_FAST_MATH = YES;
				ONLY_ACTIVE_ARCH = YES;
				SDKROOT = iphoneos;
				SWIFT_ACTIVE_COMPILATION_CONDITIONS = "DEBUG $(inherited)";
				SWIFT_OPTIMIZATION_LEVEL = "-Onone";
			};
			name = Debug;
		};
		4E41CA3C303C78A50006E58C /* Release */ = {
			isa = XCBuildConfiguration;
			buildSettings = {
				ALWAYS_SEARCH_USER_PATHS = NO;
				ASSETCATALOG_COMPILER_GENERATE_SWIFT_ASSET_SYMBOL_EXTENSIONS = YES;
				CLANG_ANALYZER_NONNULL = YES;
				CLANG_ANALYZER_NUMBER_OBJECT_CONVERSION = YES_AGGRESSIVE;
				CLANG_CXX_LANGUAGE_STANDARD = "gnu++20";
				CLANG_ENABLE_MODULES = YES;
				CLANG_ENABLE_OBJC_ARC = YES;
				CLANG_ENABLE_OBJC_WEAK = YES;
				CLANG_WARN_BLOCK_CAPTURE_AUTORELEASING = YES;
				CLANG_WARN_BOOL_CONVERSION = YES;
				CLANG_WARN_COMMA = YES;
				CLANG_WARN_CONSTANT_CONVERSION = YES;
				CLANG_WARN_DEPRECATED_OBJC_IMPLEMENTATIONS = YES;
				CLANG_WARN_DIRECT_OBJC_ISA_USAGE = YES_ERROR;
				CLANG_WARN_DOCUMENTATION_COMMENTS = YES;
				CLANG_WARN_EMPTY_BODY = YES;
				CLANG_WARN_ENUM_CONVERSION = YES;
				CLANG_WARN_INFINITE_RECURSION = YES;
				CLANG_WARN_INT_CONVERSION = YES;
				CLANG_WARN_NON_LITERAL_NULL_CONVERSION = YES;
				CLANG_WARN_OBJC_IMPLICIT_RETAIN_SELF = YES;
				CLANG_WARN_OBJC_LITERAL_CONVERSION = YES;
				CLANG_WARN_OBJC_ROOT_CLASS = YES_ERROR;
				CLANG_WARN_QUOTED_INCLUDE_IN_FRAMEWORK_HEADER = YES;
				CLANG_WARN_RANGE_LOOP_ANALYSIS = YES;
				CLANG_WARN_STRICT_PROTOTYPES = YES;
				CLANG_WARN_SUSPICIOUS_MOVE = YES;
				CLANG_WARN_UNGUARDED_AVAILABILITY = YES_AGGRESSIVE;
				CLANG_WARN_UNREACHABLE_CODE = YES;
				CLANG_WARN__DUPLICATE_METHOD_MATCH = YES;
				COPY_PHASE_STRIP = NO;
				DEBUG_INFORMATION_FORMAT = "dwarf-with-dsym";
				DEVELOPMENT_TEAM = 8864ZNUYTR;
				ENABLE_NS_ASSERTIONS = NO;
				ENABLE_STRICT_OBJC_MSGSEND = YES;
				ENABLE_USER_SCRIPT_SANDBOXING = YES;
				GCC_C_LANGUAGE_STANDARD = gnu17;
				GCC_NO_COMMON_BLOCKS = YES;
				GCC_WARN_64_TO_32_BIT_CONVERSION = YES;
				GCC_WARN_ABOUT_RETURN_TYPE = YES_ERROR;
				GCC_WARN_UNDECLARED_SELECTOR = YES;
				GCC_WARN_UNINITIALIZED_AUTOS = YES_AGGRESSIVE;
				GCC_WARN_UNUSED_FUNCTION = YES;
				GCC_WARN_UNUSED_VARIABLE = YES;
				IPHONEOS_DEPLOYMENT_TARGET = 26.5;
				LOCALIZATION_PREFERS_STRING_CATALOGS = YES;
				MTL_ENABLE_DEBUG_INFO = NO;
				MTL_FAST_MATH = YES;
				SDKROOT = iphoneos;
				SWIFT_COMPILATION_MODE = wholemodule;
				VALIDATE_PRODUCT = YES;
			};
			name = Release;
		};
		4E41CA3E303C78A50006E58C /* Debug */ = {
			isa = XCBuildConfiguration;
			buildSettings = {
				ASSETCATALOG_COMPILER_APPICON_NAME = AppIcon;
				ASSETCATALOG_COMPILER_GLOBAL_ACCENT_COLOR_NAME = AccentColor;
				CODE_SIGN_STYLE = Automatic;
				CURRENT_PROJECT_VERSION = 2;
				DEVELOPMENT_TEAM = 8864ZNUYTR;
				ENABLE_PREVIEWS = YES;
				GENERATE_INFOPLIST_FILE = YES;
				INFOPLIST_KEY_UIApplicationSceneManifest_Generation = YES;
				INFOPLIST_KEY_UIApplicationSupportsIndirectInputEvents = YES;
				INFOPLIST_KEY_UILaunchScreen_Generation = YES;
				INFOPLIST_KEY_UISupportedInterfaceOrientations_iPad = "UIInterfaceOrientationPortrait UIInterfaceOrientationPortraitUpsideDown UIInterfaceOrientationLandscapeLeft UIInterfaceOrientationLandscapeRight";
				INFOPLIST_KEY_UISupportedInterfaceOrientations_iPhone = "UIInterfaceOrientationPortrait UIInterfaceOrientationLandscapeLeft UIInterfaceOrientationLandscapeRight";
				LD_RUNPATH_SEARCH_PATHS = (
					"$(inherited)",
					"@executable_path/Frameworks",
				);
				MARKETING_VERSION = 1.0;
				PRODUCT_BUNDLE_IDENTIFIER = garyi.BrownsRoster1;
				PRODUCT_NAME = "$(TARGET_NAME)";
				STRING_CATALOG_GENERATE_SYMBOLS = YES;
				SWIFT_APPROACHABLE_CONCURRENCY = YES;
				SWIFT_DEFAULT_ACTOR_ISOLATION = MainActor;
				SWIFT_EMIT_LOC_STRINGS = YES;
				SWIFT_UPCOMING_FEATURE_MEMBER_IMPORT_VISIBILITY = YES;
				SWIFT_VERSION = 5.0;
				TARGETED_DEVICE_FAMILY = "1,2";
			};
			name = Debug;
		};
		4E41CA3F303C78A50006E58C /* Release */ = {
			isa = XCBuildConfiguration;
			buildSettings = {
				ASSETCATALOG_COMPILER_APPICON_NAME = AppIcon;
				ASSETCATALOG_COMPILER_GLOBAL_ACCENT_COLOR_NAME = AccentColor;
				CODE_SIGN_STYLE = Automatic;
				CURRENT_PROJECT_VERSION = 2;
				DEVELOPMENT_TEAM = 8864ZNUYTR;
				ENABLE_PREVIEWS = YES;
				GENERATE_INFOPLIST_FILE = YES;
				INFOPLIST_KEY_UIApplicationSceneManifest_Generation = YES;
				INFOPLIST_KEY_UIApplicationSupportsIndirectInputEvents = YES;
				INFOPLIST_KEY_UILaunchScreen_Generation = YES;
				INFOPLIST_KEY_UISupportedInterfaceOrientations_iPad = "UIInterfaceOrientationPortrait UIInterfaceOrientationPortraitUpsideDown UIInterfaceOrientationLandscapeLeft UIInterfaceOrientationLandscapeRight";
				INFOPLIST_KEY_UISupportedInterfaceOrientations_iPhone = "UIInterfaceOrientationPortrait UIInterfaceOrientationLandscapeLeft UIInterfaceOrientationLandscapeRight";
				LD_RUNPATH_SEARCH_PATHS = (
					"$(inherited)",
					"@executable_path/Frameworks",
				);
				MARKETING_VERSION = 1.0;
				PRODUCT_BUNDLE_IDENTIFIER = garyi.BrownsRoster1;
				PRODUCT_NAME = "$(TARGET_NAME)";
				STRING_CATALOG_GENERATE_SYMBOLS = YES;
				SWIFT_APPROACHABLE_CONCURRENCY = YES;
				SWIFT_DEFAULT_ACTOR_ISOLATION = MainActor;
				SWIFT_EMIT_LOC_STRINGS = YES;
				SWIFT_UPCOMING_FEATURE_MEMBER_IMPORT_VISIBILITY = YES;
				SWIFT_VERSION = 5.0;
				TARGETED_DEVICE_FAMILY = "1,2";
			};
			name = Release;
		};
		4E41CA41303C78A50006E58C /* Debug */ = {
			isa = XCBuildConfiguration;
			buildSettings = {
				BUNDLE_LOADER = "$(TEST_HOST)";
				CODE_SIGN_STYLE = Automatic;
				CURRENT_PROJECT_VERSION = 1;
				DEVELOPMENT_TEAM = 8864ZNUYTR;
				GENERATE_INFOPLIST_FILE = YES;
				IPHONEOS_DEPLOYMENT_TARGET = 26.5;
				MARKETING_VERSION = 1.0;
				PRODUCT_BUNDLE_IDENTIFIER = garyi.BrownsRoster1Tests;
				PRODUCT_NAME = "$(TARGET_NAME)";
				STRING_CATALOG_GENERATE_SYMBOLS = NO;
				SWIFT_APPROACHABLE_CONCURRENCY = YES;
				SWIFT_EMIT_LOC_STRINGS = NO;
				SWIFT_UPCOMING_FEATURE_MEMBER_IMPORT_VISIBILITY = YES;
				SWIFT_VERSION = 5.0;
				TARGETED_DEVICE_FAMILY = "1,2";
				TEST_HOST = "$(BUILT_PRODUCTS_DIR)/BrownsRoster1.app/$(BUNDLE_EXECUTABLE_FOLDER_PATH)/BrownsRoster1";
			};
			name = Debug;
		};
		4E41CA42303C78A50006E58C /* Release */ = {
			isa = XCBuildConfiguration;
			buildSettings = {
				BUNDLE_LOADER = "$(TEST_HOST)";
				CODE_SIGN_STYLE = Automatic;
				CURRENT_PROJECT_VERSION = 1;
				DEVELOPMENT_TEAM = 8864ZNUYTR;
				GENERATE_INFOPLIST_FILE = YES;
				IPHONEOS_DEPLOYMENT_TARGET = 26.5;
				MARKETING_VERSION = 1.0;
				PRODUCT_BUNDLE_IDENTIFIER = garyi.BrownsRoster1Tests;
				PRODUCT_NAME = "$(TARGET_NAME)";
				STRING_CATALOG_GENERATE_SYMBOLS = NO;
				SWIFT_APPROACHABLE_CONCURRENCY = YES;
				SWIFT_EMIT_LOC_STRINGS = NO;
				SWIFT_UPCOMING_FEATURE_MEMBER_IMPORT_VISIBILITY = YES;
				SWIFT_VERSION = 5.0;
				TARGETED_DEVICE_FAMILY = "1,2";
				TEST_HOST = "$(BUILT_PRODUCTS_DIR)/BrownsRoster1.app/$(BUNDLE_EXECUTABLE_FOLDER_PATH)/BrownsRoster1";
			};
			name = Release;
		};
		4E41CA44303C78A50006E58C /* Debug */ = {
			isa = XCBuildConfiguration;
			buildSettings = {
				CODE_SIGN_STYLE = Automatic;
				CURRENT_PROJECT_VERSION = 1;
				DEVELOPMENT_TEAM = 8864ZNUYTR;
				GENERATE_INFOPLIST_FILE = YES;
				MARKETING_VERSION = 1.0;
				PRODUCT_BUNDLE_IDENTIFIER = garyi.BrownsRoster1UITests;
				PRODUCT_NAME = "$(TARGET_NAME)";
				STRING_CATALOG_GENERATE_SYMBOLS = NO;
				SWIFT_APPROACHABLE_CONCURRENCY = YES;
				SWIFT_EMIT_LOC_STRINGS = NO;
				SWIFT_UPCOMING_FEATURE_MEMBER_IMPORT_VISIBILITY = YES;
				SWIFT_VERSION = 5.0;
				TARGETED_DEVICE_FAMILY = "1,2";
				TEST_TARGET_NAME = BrownsRoster1;
			};
			name = Debug;
		};
		4E41CA45303C78A50006E58C /* Release */ = {
			isa = XCBuildConfiguration;
			buildSettings = {
				CODE_SIGN_STYLE = Automatic;
				CURRENT_PROJECT_VERSION = 1;
				DEVELOPMENT_TEAM = 8864ZNUYTR;
				GENERATE_INFOPLIST_FILE = YES;
				MARKETING_VERSION = 1.0;
				PRODUCT_BUNDLE_IDENTIFIER = garyi.BrownsRoster1UITests;
				PRODUCT_NAME = "$(TARGET_NAME)";
				STRING_CATALOG_GENERATE_SYMBOLS = NO;
				SWIFT_APPROACHABLE_CONCURRENCY = YES;
				SWIFT_EMIT_LOC_STRINGS = NO;
				SWIFT_UPCOMING_FEATURE_MEMBER_IMPORT_VISIBILITY = YES;
				SWIFT_VERSION = 5.0;
				TARGETED_DEVICE_FAMILY = "1,2";
				TEST_TARGET_NAME = BrownsRoster1;
			};
			name = Release;
		};
/* End XCBuildConfiguration section */

/* Begin XCConfigurationList section */
		4E41CA17303C78A40006E58C /* Build configuration list for PBXProject "BrownsRoster1" */ = {
			isa = XCConfigurationList;
			buildConfigurations = (
				4E41CA3B303C78A50006E58C /* Debug */,
				4E41CA3C303C78A50006E58C /* Release */,
			);
			defaultConfigurationIsVisible = 0;
			defaultConfigurationName = Release;
		};
		4E41CA3D303C78A50006E58C /* Build configuration list for PBXNativeTarget "BrownsRoster1" */ = {
			isa = XCConfigurationList;
			buildConfigurations = (
				4E41CA3E303C78A50006E58C /* Debug */,
				4E41CA3F303C78A50006E58C /* Release */,
			);
			defaultConfigurationIsVisible = 0;
			defaultConfigurationName = Release;
		};
		4E41CA40303C78A50006E58C /* Build configuration list for PBXNativeTarget "BrownsRoster1Tests" */ = {
			isa = XCConfigurationList;
			buildConfigurations = (
				4E41CA41303C78A50006E58C /* Debug */,
				4E41CA42303C78A50006E58C /* Release */,
			);
			defaultConfigurationIsVisible = 0;
			defaultConfigurationName = Release;
		};
		4E41CA43303C78A50006E58C /* Build configuration list for PBXNativeTarget "BrownsRoster1UITests" */ = {
			isa = XCConfigurationList;
			buildConfigurations = (
				4E41CA44303C78A50006E58C /* Debug */,
				4E41CA45303C78A50006E58C /* Release */,
			);
			defaultConfigurationIsVisible = 0;
			defaultConfigurationName = Release;
		};
/* End XCConfigurationList section */
	};
	rootObject = 4E41CA14303C78A40006E58C /* Project object */;
}
